
Microsoft Visual Studio Solution File, Format Version 12.00
# Visual Studio 15
VisualStudioVersion = 15.0.28307.168
MinimumVisualStudioVersion = 10.0.40219.1
Project("{9A19103F-16F7-4668-BE54-9A1E7A4F7556}") = "WebApp", "WebApp\WebApp.csproj", "{A9EEF553-9E71-4B48-A09C-71257908E87C}"
EndProject
Project("{FAE04EC0-301F-11D3-BF4B-00C04F79EFBC}") = "GetImages", "GetImages\GetImages.csproj", "{AF8E5017-DE83-4A47-8C50-A6B1A7D57D7C}"
EndProject
Global
	GlobalSection(SolutionConfigurationPlatforms) = preSolution
		Debug|Any CPU = Debug|Any CPU
		Release|Any CPU = Release|Any CPU
	EndGlobalSection
	GlobalSection(ProjectConfigurationPlatforms) = postSolution
		{A9EEF553-9E71-4B48-A09C-71257908E87C}.Debug|Any CPU.ActiveCfg = Debug|Any CPU
		{A9EEF553-9E71-4B48-A09C-71257908E87C}.Debug|Any CPU.Build.0 = Debug|Any CPU
		{A9EEF553-9E71-4B48-A09C-71257908E87C}.Release|Any CPU.ActiveCfg = Release|Any CPU
		{A9EEF553-9E71-4B48-A09C-71257908E87C}.Release|Any CPU.Build.0 = Release|Any CPU
		{AF8E5017-DE83-4A47-8C50-A6B1A7D57D7C}.Debug|Any CPU.ActiveCfg = Debug|Any CPU
		{AF8E5017-DE83-4A47-8C50-A6B1A7D57D7C}.Debug|Any CPU.Build.0 = Debug|Any CPU
		{AF8E5017-DE83-4A47-8C50-A6B1A7D57D7C}.Release|Any CPU.ActiveCfg = Release|Any CPU
		{AF8E5017-DE83-4A47-8C50-A6B1A7D57D7C}.Release|Any CPU.Build.0 = Release|Any CPU
	EndGlobalSection
	GlobalSection(SolutionProperties) = preSolution
		HideSolutionNode = FALSE
	EndGlobalSection
	GlobalSection(ExtensibilityGlobals) = postSolution
		SolutionGuid = {330D765E-18B3-4B87-BA70-53E0613F75BE}
	EndGlobalSection
EndGlobal
